
Microsoft Visual Studio Solution File, Format Version 12.00
# Visual Studio Version 16
VisualStudioVersion = 25.0.1706.2
MinimumVisualStudioVersion = 10.0.40219.1
Project("{FAE04EC0-301F-11D3-BF4B-00C04F79EFBC}") = "WasteMgmtService", "WasteMgmtService.csproj", "{77C2A26B-BF4B-464F-B1D0-8E30E386EA2B}"
EndProject
Global
	GlobalSection(SolutionConfigurationPlatforms) = preSolution
		Debug|Any CPU = Debug|Any CPU
		Release|Any CPU = Release|Any CPU
	EndGlobalSection
	GlobalSection(ProjectConfigurationPlatforms) = postSolution
		{77C2A26B-BF4B-464F-B1D0-8E30E386EA2B}.Debug|Any CPU.ActiveCfg = Debug|Any CPU
		{77C2A26B-BF4B-464F-B1D0-8E30E386EA2B}.Debug|Any CPU.Build.0 = Debug|Any CPU
		{77C2A26B-BF4B-464F-B1D0-8E30E386EA2B}.Release|Any CPU.ActiveCfg = Release|Any CPU
		{77C2A26B-BF4B-464F-B1D0-8E30E386EA2B}.Release|Any CPU.Build.0 = Release|Any CPU
	EndGlobalSection
	GlobalSection(SolutionProperties) = preSolution
		HideSolutionNode = FALSE
	EndGlobalSection
	GlobalSection(ExtensibilityGlobals) = postSolution
		SolutionGuid = {34766F6D-5C4E-4EF6-8D0C-D9E9FA6E983C}
	EndGlobalSection
EndGlobal
